
Microsoft Visual Studio Solution File, Format Version 12.00
# Visual Studio Version 17
VisualStudioVersion = 17.0.31903.59
MinimumVisualStudioVersion = 10.0.40219.1
Project("{9A19103F-16F7-4668-BE54-9A1E7A4F7556}") = "MyUnitTestProject", "MyUnitTestProject\MyUnitTestProject.csproj", "{D8362E8C-1EA3-4EE6-B4DB-C793F91250EA}"
EndProject
Project("{9A19103F-16F7-4668-BE54-9A1E7A4F7556}") = "MyLibrary_DotNETstd_2_1", "MyLibrary\MyLibrary_DotNETstd_2_1.csproj", "{2EE6A660-9CDC-4AEC-AE6E-4A3163650A40}"
EndProject
Project("{9A19103F-16F7-4668-BE54-9A1E7A4F7556}") = "MyConsoleAppProject", "MyConsoleAppProject\MyConsoleAppProject.csproj", "{B866EF2C-40E8-4D25-AE0D-02334938B9AA}"
EndProject
Project("{9A19103F-16F7-4668-BE54-9A1E7A4F7556}") = "MyWPF", "MyWPF\MyWPF.csproj", "{CD94C212-A85B-416F-A113-78293A03735D}"
EndProject
Project("{9A19103F-16F7-4668-BE54-9A1E7A4F7556}") = "MyMachineLearning", "MyMachineLearning\MyMachineLearning.csproj", "{C22BF8F6-7FF3-450D-B73B-16A0EC2C4576}"
EndProject
Project("{9A19103F-16F7-4668-BE54-9A1E7A4F7556}") = "MyViewModelLibrary", "MyViewModelLibrary\MyViewModelLibrary.csproj", "{106B56A6-EE7C-4CEB-9D25-DBDD5E012C4D}"
EndProject
Project("{9A19103F-16F7-4668-BE54-9A1E7A4F7556}") = "MLModel1_ConsoleApp1", "MLModel1_ConsoleApp1\MLModel1_ConsoleApp1.csproj", "{96FE7DCC-1FE1-41C5-A92A-D583BA88AB46}"
EndProject
Project("{9A19103F-16F7-4668-BE54-9A1E7A4F7556}") = "MyLibraryTests", "MyLibraryTests\MyLibraryTests.csproj", "{2006E06B-2E38-4941-ADB0-2FD05E2FC2AA}"
EndProject
Project("{9A19103F-16F7-4668-BE54-9A1E7A4F7556}") = "MyDotNet6ConsoleApp", "MyDotNet6ConsoleApp\MyDotNet6ConsoleApp.csproj", "{0CF520B7-F2E7-4F44-A9C4-6F94E1241BE0}"
EndProject
Project("{9A19103F-16F7-4668-BE54-9A1E7A4F7556}") = "MyInstallerLib", "MyInstallerLib\MyInstallerLib.csproj", "{945ADB2D-A8E4-4B63-98F6-3AC8EEE41781}"
EndProject
Project("{54435603-DBB4-11D2-8724-00A0C9A8B90C}") = "MySetupProject", "MySetupProject\MySetupProject.vdproj", "{58B47DCD-EDC9-4718-BCBE-1EC2A6434D66}"
EndProject
Project("{9A19103F-16F7-4668-BE54-9A1E7A4F7556}") = "MyInstallerLibTests", "MyInstallerLibTests\MyInstallerLibTests.csproj", "{DEFCF938-CDE4-4C99-9BEF-5D63FDA54984}"
EndProject
Global
	GlobalSection(SolutionConfigurationPlatforms) = preSolution
		Debug|Any CPU = Debug|Any CPU
		Release|Any CPU = Release|Any CPU
	EndGlobalSection
	GlobalSection(ProjectConfigurationPlatforms) = postSolution
		{D8362E8C-1EA3-4EE6-B4DB-C793F91250EA}.Debug|Any CPU.ActiveCfg = Debug|Any CPU
		{D8362E8C-1EA3-4EE6-B4DB-C793F91250EA}.Debug|Any CPU.Build.0 = Debug|Any CPU
		{D8362E8C-1EA3-4EE6-B4DB-C793F91250EA}.Release|Any CPU.ActiveCfg = Release|Any CPU
		{D8362E8C-1EA3-4EE6-B4DB-C793F91250EA}.Release|Any CPU.Build.0 = Release|Any CPU
		{2EE6A660-9CDC-4AEC-AE6E-4A3163650A40}.Debug|Any CPU.ActiveCfg = Debug|Any CPU
		{2EE6A660-9CDC-4AEC-AE6E-4A3163650A40}.Debug|Any CPU.Build.0 = Debug|Any CPU
		{2EE6A660-9CDC-4AEC-AE6E-4A3163650A40}.Release|Any CPU.ActiveCfg = Release|Any CPU
		{2EE6A660-9CDC-4AEC-AE6E-4A3163650A40}.Release|Any CPU.Build.0 = Release|Any CPU
		{B866EF2C-40E8-4D25-AE0D-02334938B9AA}.Debug|Any CPU.ActiveCfg = Debug|Any CPU
		{B866EF2C-40E8-4D25-AE0D-02334938B9AA}.Debug|Any CPU.Build.0 = Debug|Any CPU
		{B866EF2C-40E8-4D25-AE0D-02334938B9AA}.Release|Any CPU.ActiveCfg = Release|Any CPU
		{B866EF2C-40E8-4D25-AE0D-02334938B9AA}.Release|Any CPU.Build.0 = Release|Any CPU
		{CD94C212-A85B-416F-A113-78293A03735D}.Debug|Any CPU.ActiveCfg = Debug|Any CPU
		{CD94C212-A85B-416F-A113-78293A03735D}.Debug|Any CPU.Build.0 = Debug|Any CPU
		{CD94C212-A85B-416F-A113-78293A03735D}.Release|Any CPU.ActiveCfg = Release|Any CPU
		{CD94C212-A85B-416F-A113-78293A03735D}.Release|Any CPU.Build.0 = Release|Any CPU
		{C22BF8F6-7FF3-450D-B73B-16A0EC2C4576}.Debug|Any CPU.ActiveCfg = Debug|Any CPU
		{C22BF8F6-7FF3-450D-B73B-16A0EC2C4576}.Debug|Any CPU.Build.0 = Debug|Any CPU
		{C22BF8F6-7FF3-450D-B73B-16A0EC2C4576}.Release|Any CPU.ActiveCfg = Release|Any CPU
		{C22BF8F6-7FF3-450D-B73B-16A0EC2C4576}.Release|Any CPU.Build.0 = Release|Any CPU
		{106B56A6-EE7C-4CEB-9D25-DBDD5E012C4D}.Debug|Any CPU.ActiveCfg = Debug|Any CPU
		{106B56A6-EE7C-4CEB-9D25-DBDD5E012C4D}.Debug|Any CPU.Build.0 = Debug|Any CPU
		{106B56A6-EE7C-4CEB-9D25-DBDD5E012C4D}.Release|Any CPU.ActiveCfg = Release|Any CPU
		{106B56A6-EE7C-4CEB-9D25-DBDD5E012C4D}.Release|Any CPU.Build.0 = Release|Any CPU
		{96FE7DCC-1FE1-41C5-A92A-D583BA88AB46}.Debug|Any CPU.ActiveCfg = Debug|Any CPU
		{96FE7DCC-1FE1-41C5-A92A-D583BA88AB46}.Debug|Any CPU.Build.0 = Debug|Any CPU
		{96FE7DCC-1FE1-41C5-A92A-D583BA88AB46}.Release|Any CPU.ActiveCfg = Release|Any CPU
		{96FE7DCC-1FE1-41C5-A92A-D583BA88AB46}.Release|Any CPU.Build.0 = Release|Any CPU
		{2006E06B-2E38-4941-ADB0-2FD05E2FC2AA}.Debug|Any CPU.ActiveCfg = Debug|Any CPU
		{2006E06B-2E38-4941-ADB0-2FD05E2FC2AA}.Debug|Any CPU.Build.0 = Debug|Any CPU
		{2006E06B-2E38-4941-ADB0-2FD05E2FC2AA}.Release|Any CPU.ActiveCfg = Release|Any CPU
		{2006E06B-2E38-4941-ADB0-2FD05E2FC2AA}.Release|Any CPU.Build.0 = Release|Any CPU
		{0CF520B7-F2E7-4F44-A9C4-6F94E1241BE0}.Debug|Any CPU.ActiveCfg = Debug|Any CPU
		{0CF520B7-F2E7-4F44-A9C4-6F94E1241BE0}.Debug|Any CPU.Build.0 = Debug|Any CPU
		{0CF520B7-F2E7-4F44-A9C4-6F94E1241BE0}.Release|Any CPU.ActiveCfg = Release|Any CPU
		{0CF520B7-F2E7-4F44-A9C4-6F94E1241BE0}.Release|Any CPU.Build.0 = Release|Any CPU
		{945ADB2D-A8E4-4B63-98F6-3AC8EEE41781}.Debug|Any CPU.ActiveCfg = Debug|Any CPU
		{945ADB2D-A8E4-4B63-98F6-3AC8EEE41781}.Debug|Any CPU.Build.0 = Debug|Any CPU
		{945ADB2D-A8E4-4B63-98F6-3AC8EEE41781}.Release|Any CPU.ActiveCfg = Release|Any CPU
		{945ADB2D-A8E4-4B63-98F6-3AC8EEE41781}.Release|Any CPU.Build.0 = Release|Any CPU
		{58B47DCD-EDC9-4718-BCBE-1EC2A6434D66}.Debug|Any CPU.ActiveCfg = Debug
		{58B47DCD-EDC9-4718-BCBE-1EC2A6434D66}.Release|Any CPU.ActiveCfg = Release
		{DEFCF938-CDE4-4C99-9BEF-5D63FDA54984}.Debug|Any CPU.ActiveCfg = Debug|Any CPU
		{DEFCF938-CDE4-4C99-9BEF-5D63FDA54984}.Debug|Any CPU.Build.0 = Debug|Any CPU
		{DEFCF938-CDE4-4C99-9BEF-5D63FDA54984}.Release|Any CPU.ActiveCfg = Release|Any CPU
		{DEFCF938-CDE4-4C99-9BEF-5D63FDA54984}.Release|Any CPU.Build.0 = Release|Any CPU
	EndGlobalSection
	GlobalSection(SolutionProperties) = preSolution
		HideSolutionNode = FALSE
	EndGlobalSection
	GlobalSection(ExtensibilityGlobals) = postSolution
		SolutionGuid = {CBA67B4F-444F-4973-956B-1EBCC679F520}
	EndGlobalSection
EndGlobal
