
Microsoft Visual Studio Solution File, Format Version 12.00
# Visual Studio Version 17
VisualStudioVersion = 17.0.31903.59
MinimumVisualStudioVersion = 10.0.40219.1
Project("{9A19103F-16F7-4668-BE54-9A1E7A4F7556}") = "MyUnitTestProject", "MyUnitTestProject\MyUnitTestProject.csproj", "{D8362E8C-1EA3-4EE6-B4DB-C793F91250EA}"
EndProject
Project("{9A19103F-16F7-4668-BE54-9A1E7A4F7556}") = "MyLibrary_DotNETstd_2_1", "MyLibrary\MyLibrary_DotNETstd_2_1.csproj", "{2EE6A660-9CDC-4AEC-AE6E-4A3163650A40}"
EndProject
Project("{9A19103F-16F7-4668-BE54-9A1E7A4F7556}") = "MyConsoleAppProject", "MyConsoleAppProject\MyConsoleAppProject.csproj", "{B866EF2C-40E8-4D25-AE0D-02334938B9AA}"
EndProject
Project("{9A19103F-16F7-4668-BE54-9A1E7A4F7556}") = "MyWPF", "MyWPF\MyWPF.csproj", "{CD94C212-A85B-416F-A113-78293A03735D}"
EndProject
Project("{9A19103F-16F7-4668-BE54-9A1E7A4F7556}") = "MyMachineLearning", "MyMachineLearning\MyMachineLearning.csproj", "{C22BF8F6-7FF3-450D-B73B-16A0EC2C4576}"
EndProject
Project("{9A19103F-16F7-4668-BE54-9A1E7A4F7556}") = "MyViewModelLibrary", "MyViewModelLibrary\MyViewModelLibrary.csproj", "{106B56A6-EE7C-4CEB-9D25-DBDD5E012C4D}"
EndProject
Project("{9A19103F-16F7-4668-BE54-9A1E7A4F7556}") = "MLModel1_ConsoleApp1", "MLModel1_ConsoleApp1\MLModel1_ConsoleApp1.csproj", "{96FE7DCC-1FE1-41C5-A92A-D583BA88AB46}"
EndProject
Project("{9A19103F-16F7-4668-BE54-9A1E7A4F7556}") = "MyLibraryTests", "MyLibraryTests\MyLibraryTests.csproj", "{2006E06B-2E38-4941-ADB0-2FD05E2FC2AA}"
EndProject
Project("{9A19103F-16F7-4668-BE54-9A1E7A4F7556}") = "MyDotNet6ConsoleApp", "MyDotNet6ConsoleApp\MyDotNet6ConsoleApp.csproj", "{0CF520B7-F2E7-4F44-A9C4-6F94E1241BE0}"
EndProject
Project("{9A19103F-16F7-4668-BE54-9A1E7A4F7556}") = "MyInstallerLib", "MyInstallerLib\MyInstallerLib.csproj", "{945ADB2D-A8E4-4B63-98F6-3AC8EEE41781}"
EndProject
Project("{9A19103F-16F7-4668-BE54-9A1E7A4F7556}") = "MyInstallerLibTests", "MyInstallerLibTests\MyInstallerLibTests.csproj", "{DEFCF938-CDE4-4C99-9BEF-5D63FDA54984}"
EndProject
Project("{9A19103F-16F7-4668-BE54-9A1E7A4F7556}") = "MyNUnitTestProject", "MyNUnitTestProject\MyNUnitTestProject.csproj", "{F3AC7EBB-4656-40C8-A634-979440D56CD9}"
EndProject
Project("{9A19103F-16F7-4668-BE54-9A1E7A4F7556}") = "MyXUnitTestProject", "MyXUnitTestProject\MyXUnitTestProject.csproj", "{3879B936-261A-402E-80DA-94B439A72B15}"
EndProject
Project("{FAE04EC0-301F-11D3-BF4B-00C04F79EFBC}") = "MyWiX", "MyWiX\MyWiX.csproj", "{D6AED6A7-B22E-4B29-A27F-046C19734826}"
EndProject
Project("{9A19103F-16F7-4668-BE54-9A1E7A4F7556}") = "MySystemExtensions", "MySystemExtensions\MySystemExtensions.csproj", "{41604032-D393-4905-A49F-CD7ED28A5482}"
EndProject
Project("{9A19103F-16F7-4668-BE54-9A1E7A4F7556}") = "MySystemExtensionsTests", "MySystemExtensionsTests\MySystemExtensionsTests.csproj", "{06E911E4-C285-45B2-8755-F82D11BBD9BF}"
EndProject
Project("{FAE04EC0-301F-11D3-BF4B-00C04F79EFBC}") = "MyVSIXProject", "MyVSIXProject\MyVSIXProject.csproj", "{1411A8A9-38C9-49E8-A164-92404A6FC8A2}"
EndProject
Global
	GlobalSection(SolutionConfigurationPlatforms) = preSolution
		Debug|Any CPU = Debug|Any CPU
		Debug|arm64 = Debug|arm64
		Debug|x86 = Debug|x86
		Release|Any CPU = Release|Any CPU
		Release|arm64 = Release|arm64
		Release|x86 = Release|x86
	EndGlobalSection
	GlobalSection(ProjectConfigurationPlatforms) = postSolution
		{D8362E8C-1EA3-4EE6-B4DB-C793F91250EA}.Debug|Any CPU.ActiveCfg = Debug|Any CPU
		{D8362E8C-1EA3-4EE6-B4DB-C793F91250EA}.Debug|Any CPU.Build.0 = Debug|Any CPU
		{D8362E8C-1EA3-4EE6-B4DB-C793F91250EA}.Debug|arm64.ActiveCfg = Debug|Any CPU
		{D8362E8C-1EA3-4EE6-B4DB-C793F91250EA}.Debug|arm64.Build.0 = Debug|Any CPU
		{D8362E8C-1EA3-4EE6-B4DB-C793F91250EA}.Debug|x86.ActiveCfg = Debug|Any CPU
		{D8362E8C-1EA3-4EE6-B4DB-C793F91250EA}.Debug|x86.Build.0 = Debug|Any CPU
		{D8362E8C-1EA3-4EE6-B4DB-C793F91250EA}.Release|Any CPU.ActiveCfg = Release|Any CPU
		{D8362E8C-1EA3-4EE6-B4DB-C793F91250EA}.Release|Any CPU.Build.0 = Release|Any CPU
		{D8362E8C-1EA3-4EE6-B4DB-C793F91250EA}.Release|arm64.ActiveCfg = Release|Any CPU
		{D8362E8C-1EA3-4EE6-B4DB-C793F91250EA}.Release|arm64.Build.0 = Release|Any CPU
		{D8362E8C-1EA3-4EE6-B4DB-C793F91250EA}.Release|x86.ActiveCfg = Release|Any CPU
		{D8362E8C-1EA3-4EE6-B4DB-C793F91250EA}.Release|x86.Build.0 = Release|Any CPU
		{2EE6A660-9CDC-4AEC-AE6E-4A3163650A40}.Debug|Any CPU.ActiveCfg = Debug|Any CPU
		{2EE6A660-9CDC-4AEC-AE6E-4A3163650A40}.Debug|Any CPU.Build.0 = Debug|Any CPU
		{2EE6A660-9CDC-4AEC-AE6E-4A3163650A40}.Debug|arm64.ActiveCfg = Debug|Any CPU
		{2EE6A660-9CDC-4AEC-AE6E-4A3163650A40}.Debug|arm64.Build.0 = Debug|Any CPU
		{2EE6A660-9CDC-4AEC-AE6E-4A3163650A40}.Debug|x86.ActiveCfg = Debug|Any CPU
		{2EE6A660-9CDC-4AEC-AE6E-4A3163650A40}.Debug|x86.Build.0 = Debug|Any CPU
		{2EE6A660-9CDC-4AEC-AE6E-4A3163650A40}.Release|Any CPU.ActiveCfg = Release|Any CPU
		{2EE6A660-9CDC-4AEC-AE6E-4A3163650A40}.Release|Any CPU.Build.0 = Release|Any CPU
		{2EE6A660-9CDC-4AEC-AE6E-4A3163650A40}.Release|arm64.ActiveCfg = Release|Any CPU
		{2EE6A660-9CDC-4AEC-AE6E-4A3163650A40}.Release|arm64.Build.0 = Release|Any CPU
		{2EE6A660-9CDC-4AEC-AE6E-4A3163650A40}.Release|x86.ActiveCfg = Release|Any CPU
		{2EE6A660-9CDC-4AEC-AE6E-4A3163650A40}.Release|x86.Build.0 = Release|Any CPU
		{B866EF2C-40E8-4D25-AE0D-02334938B9AA}.Debug|Any CPU.ActiveCfg = Debug|Any CPU
		{B866EF2C-40E8-4D25-AE0D-02334938B9AA}.Debug|Any CPU.Build.0 = Debug|Any CPU
		{B866EF2C-40E8-4D25-AE0D-02334938B9AA}.Debug|arm64.ActiveCfg = Debug|Any CPU
		{B866EF2C-40E8-4D25-AE0D-02334938B9AA}.Debug|arm64.Build.0 = Debug|Any CPU
		{B866EF2C-40E8-4D25-AE0D-02334938B9AA}.Debug|x86.ActiveCfg = Debug|Any CPU
		{B866EF2C-40E8-4D25-AE0D-02334938B9AA}.Debug|x86.Build.0 = Debug|Any CPU
		{B866EF2C-40E8-4D25-AE0D-02334938B9AA}.Release|Any CPU.ActiveCfg = Release|Any CPU
		{B866EF2C-40E8-4D25-AE0D-02334938B9AA}.Release|Any CPU.Build.0 = Release|Any CPU
		{B866EF2C-40E8-4D25-AE0D-02334938B9AA}.Release|arm64.ActiveCfg = Release|Any CPU
		{B866EF2C-40E8-4D25-AE0D-02334938B9AA}.Release|arm64.Build.0 = Release|Any CPU
		{B866EF2C-40E8-4D25-AE0D-02334938B9AA}.Release|x86.ActiveCfg = Release|Any CPU
		{B866EF2C-40E8-4D25-AE0D-02334938B9AA}.Release|x86.Build.0 = Release|Any CPU
		{CD94C212-A85B-416F-A113-78293A03735D}.Debug|Any CPU.ActiveCfg = Debug|Any CPU
		{CD94C212-A85B-416F-A113-78293A03735D}.Debug|Any CPU.Build.0 = Debug|Any CPU
		{CD94C212-A85B-416F-A113-78293A03735D}.Debug|arm64.ActiveCfg = Debug|Any CPU
		{CD94C212-A85B-416F-A113-78293A03735D}.Debug|arm64.Build.0 = Debug|Any CPU
		{CD94C212-A85B-416F-A113-78293A03735D}.Debug|x86.ActiveCfg = Debug|Any CPU
		{CD94C212-A85B-416F-A113-78293A03735D}.Debug|x86.Build.0 = Debug|Any CPU
		{CD94C212-A85B-416F-A113-78293A03735D}.Release|Any CPU.ActiveCfg = Release|Any CPU
		{CD94C212-A85B-416F-A113-78293A03735D}.Release|Any CPU.Build.0 = Release|Any CPU
		{CD94C212-A85B-416F-A113-78293A03735D}.Release|arm64.ActiveCfg = Release|Any CPU
		{CD94C212-A85B-416F-A113-78293A03735D}.Release|arm64.Build.0 = Release|Any CPU
		{CD94C212-A85B-416F-A113-78293A03735D}.Release|x86.ActiveCfg = Release|Any CPU
		{CD94C212-A85B-416F-A113-78293A03735D}.Release|x86.Build.0 = Release|Any CPU
		{C22BF8F6-7FF3-450D-B73B-16A0EC2C4576}.Debug|Any CPU.ActiveCfg = Debug|Any CPU
		{C22BF8F6-7FF3-450D-B73B-16A0EC2C4576}.Debug|Any CPU.Build.0 = Debug|Any CPU
		{C22BF8F6-7FF3-450D-B73B-16A0EC2C4576}.Debug|arm64.ActiveCfg = Debug|Any CPU
		{C22BF8F6-7FF3-450D-B73B-16A0EC2C4576}.Debug|arm64.Build.0 = Debug|Any CPU
		{C22BF8F6-7FF3-450D-B73B-16A0EC2C4576}.Debug|x86.ActiveCfg = Debug|Any CPU
		{C22BF8F6-7FF3-450D-B73B-16A0EC2C4576}.Debug|x86.Build.0 = Debug|Any CPU
		{C22BF8F6-7FF3-450D-B73B-16A0EC2C4576}.Release|Any CPU.ActiveCfg = Release|Any CPU
		{C22BF8F6-7FF3-450D-B73B-16A0EC2C4576}.Release|Any CPU.Build.0 = Release|Any CPU
		{C22BF8F6-7FF3-450D-B73B-16A0EC2C4576}.Release|arm64.ActiveCfg = Release|Any CPU
		{C22BF8F6-7FF3-450D-B73B-16A0EC2C4576}.Release|arm64.Build.0 = Release|Any CPU
		{C22BF8F6-7FF3-450D-B73B-16A0EC2C4576}.Release|x86.ActiveCfg = Release|Any CPU
		{C22BF8F6-7FF3-450D-B73B-16A0EC2C4576}.Release|x86.Build.0 = Release|Any CPU
		{106B56A6-EE7C-4CEB-9D25-DBDD5E012C4D}.Debug|Any CPU.ActiveCfg = Debug|Any CPU
		{106B56A6-EE7C-4CEB-9D25-DBDD5E012C4D}.Debug|Any CPU.Build.0 = Debug|Any CPU
		{106B56A6-EE7C-4CEB-9D25-DBDD5E012C4D}.Debug|arm64.ActiveCfg = Debug|Any CPU
		{106B56A6-EE7C-4CEB-9D25-DBDD5E012C4D}.Debug|arm64.Build.0 = Debug|Any CPU
		{106B56A6-EE7C-4CEB-9D25-DBDD5E012C4D}.Debug|x86.ActiveCfg = Debug|Any CPU
		{106B56A6-EE7C-4CEB-9D25-DBDD5E012C4D}.Debug|x86.Build.0 = Debug|Any CPU
		{106B56A6-EE7C-4CEB-9D25-DBDD5E012C4D}.Release|Any CPU.ActiveCfg = Release|Any CPU
		{106B56A6-EE7C-4CEB-9D25-DBDD5E012C4D}.Release|Any CPU.Build.0 = Release|Any CPU
		{106B56A6-EE7C-4CEB-9D25-DBDD5E012C4D}.Release|arm64.ActiveCfg = Release|Any CPU
		{106B56A6-EE7C-4CEB-9D25-DBDD5E012C4D}.Release|arm64.Build.0 = Release|Any CPU
		{106B56A6-EE7C-4CEB-9D25-DBDD5E012C4D}.Release|x86.ActiveCfg = Release|Any CPU
		{106B56A6-EE7C-4CEB-9D25-DBDD5E012C4D}.Release|x86.Build.0 = Release|Any CPU
		{96FE7DCC-1FE1-41C5-A92A-D583BA88AB46}.Debug|Any CPU.ActiveCfg = Debug|Any CPU
		{96FE7DCC-1FE1-41C5-A92A-D583BA88AB46}.Debug|Any CPU.Build.0 = Debug|Any CPU
		{96FE7DCC-1FE1-41C5-A92A-D583BA88AB46}.Debug|arm64.ActiveCfg = Debug|Any CPU
		{96FE7DCC-1FE1-41C5-A92A-D583BA88AB46}.Debug|arm64.Build.0 = Debug|Any CPU
		{96FE7DCC-1FE1-41C5-A92A-D583BA88AB46}.Debug|x86.ActiveCfg = Debug|Any CPU
		{96FE7DCC-1FE1-41C5-A92A-D583BA88AB46}.Debug|x86.Build.0 = Debug|Any CPU
		{96FE7DCC-1FE1-41C5-A92A-D583BA88AB46}.Release|Any CPU.ActiveCfg = Release|Any CPU
		{96FE7DCC-1FE1-41C5-A92A-D583BA88AB46}.Release|Any CPU.Build.0 = Release|Any CPU
		{96FE7DCC-1FE1-41C5-A92A-D583BA88AB46}.Release|arm64.ActiveCfg = Release|Any CPU
		{96FE7DCC-1FE1-41C5-A92A-D583BA88AB46}.Release|arm64.Build.0 = Release|Any CPU
		{96FE7DCC-1FE1-41C5-A92A-D583BA88AB46}.Release|x86.ActiveCfg = Release|Any CPU
		{96FE7DCC-1FE1-41C5-A92A-D583BA88AB46}.Release|x86.Build.0 = Release|Any CPU
		{2006E06B-2E38-4941-ADB0-2FD05E2FC2AA}.Debug|Any CPU.ActiveCfg = Debug|Any CPU
		{2006E06B-2E38-4941-ADB0-2FD05E2FC2AA}.Debug|Any CPU.Build.0 = Debug|Any CPU
		{2006E06B-2E38-4941-ADB0-2FD05E2FC2AA}.Debug|arm64.ActiveCfg = Debug|Any CPU
		{2006E06B-2E38-4941-ADB0-2FD05E2FC2AA}.Debug|arm64.Build.0 = Debug|Any CPU
		{2006E06B-2E38-4941-ADB0-2FD05E2FC2AA}.Debug|x86.ActiveCfg = Debug|Any CPU
		{2006E06B-2E38-4941-ADB0-2FD05E2FC2AA}.Debug|x86.Build.0 = Debug|Any CPU
		{2006E06B-2E38-4941-ADB0-2FD05E2FC2AA}.Release|Any CPU.ActiveCfg = Release|Any CPU
		{2006E06B-2E38-4941-ADB0-2FD05E2FC2AA}.Release|Any CPU.Build.0 = Release|Any CPU
		{2006E06B-2E38-4941-ADB0-2FD05E2FC2AA}.Release|arm64.ActiveCfg = Release|Any CPU
		{2006E06B-2E38-4941-ADB0-2FD05E2FC2AA}.Release|arm64.Build.0 = Release|Any CPU
		{2006E06B-2E38-4941-ADB0-2FD05E2FC2AA}.Release|x86.ActiveCfg = Release|Any CPU
		{2006E06B-2E38-4941-ADB0-2FD05E2FC2AA}.Release|x86.Build.0 = Release|Any CPU
		{0CF520B7-F2E7-4F44-A9C4-6F94E1241BE0}.Debug|Any CPU.ActiveCfg = Debug|Any CPU
		{0CF520B7-F2E7-4F44-A9C4-6F94E1241BE0}.Debug|Any CPU.Build.0 = Debug|Any CPU
		{0CF520B7-F2E7-4F44-A9C4-6F94E1241BE0}.Debug|arm64.ActiveCfg = Debug|Any CPU
		{0CF520B7-F2E7-4F44-A9C4-6F94E1241BE0}.Debug|arm64.Build.0 = Debug|Any CPU
		{0CF520B7-F2E7-4F44-A9C4-6F94E1241BE0}.Debug|x86.ActiveCfg = Debug|Any CPU
		{0CF520B7-F2E7-4F44-A9C4-6F94E1241BE0}.Debug|x86.Build.0 = Debug|Any CPU
		{0CF520B7-F2E7-4F44-A9C4-6F94E1241BE0}.Release|Any CPU.ActiveCfg = Release|Any CPU
		{0CF520B7-F2E7-4F44-A9C4-6F94E1241BE0}.Release|Any CPU.Build.0 = Release|Any CPU
		{0CF520B7-F2E7-4F44-A9C4-6F94E1241BE0}.Release|arm64.ActiveCfg = Release|Any CPU
		{0CF520B7-F2E7-4F44-A9C4-6F94E1241BE0}.Release|arm64.Build.0 = Release|Any CPU
		{0CF520B7-F2E7-4F44-A9C4-6F94E1241BE0}.Release|x86.ActiveCfg = Release|Any CPU
		{0CF520B7-F2E7-4F44-A9C4-6F94E1241BE0}.Release|x86.Build.0 = Release|Any CPU
		{945ADB2D-A8E4-4B63-98F6-3AC8EEE41781}.Debug|Any CPU.ActiveCfg = Debug|Any CPU
		{945ADB2D-A8E4-4B63-98F6-3AC8EEE41781}.Debug|Any CPU.Build.0 = Debug|Any CPU
		{945ADB2D-A8E4-4B63-98F6-3AC8EEE41781}.Debug|arm64.ActiveCfg = Debug|Any CPU
		{945ADB2D-A8E4-4B63-98F6-3AC8EEE41781}.Debug|arm64.Build.0 = Debug|Any CPU
		{945ADB2D-A8E4-4B63-98F6-3AC8EEE41781}.Debug|x86.ActiveCfg = Debug|Any CPU
		{945ADB2D-A8E4-4B63-98F6-3AC8EEE41781}.Debug|x86.Build.0 = Debug|Any CPU
		{945ADB2D-A8E4-4B63-98F6-3AC8EEE41781}.Release|Any CPU.ActiveCfg = Release|Any CPU
		{945ADB2D-A8E4-4B63-98F6-3AC8EEE41781}.Release|Any CPU.Build.0 = Release|Any CPU
		{945ADB2D-A8E4-4B63-98F6-3AC8EEE41781}.Release|arm64.ActiveCfg = Release|Any CPU
		{945ADB2D-A8E4-4B63-98F6-3AC8EEE41781}.Release|arm64.Build.0 = Release|Any CPU
		{945ADB2D-A8E4-4B63-98F6-3AC8EEE41781}.Release|x86.ActiveCfg = Release|Any CPU
		{945ADB2D-A8E4-4B63-98F6-3AC8EEE41781}.Release|x86.Build.0 = Release|Any CPU
		{DEFCF938-CDE4-4C99-9BEF-5D63FDA54984}.Debug|Any CPU.ActiveCfg = Debug|Any CPU
		{DEFCF938-CDE4-4C99-9BEF-5D63FDA54984}.Debug|Any CPU.Build.0 = Debug|Any CPU
		{DEFCF938-CDE4-4C99-9BEF-5D63FDA54984}.Debug|arm64.ActiveCfg = Debug|Any CPU
		{DEFCF938-CDE4-4C99-9BEF-5D63FDA54984}.Debug|arm64.Build.0 = Debug|Any CPU
		{DEFCF938-CDE4-4C99-9BEF-5D63FDA54984}.Debug|x86.ActiveCfg = Debug|Any CPU
		{DEFCF938-CDE4-4C99-9BEF-5D63FDA54984}.Debug|x86.Build.0 = Debug|Any CPU
		{DEFCF938-CDE4-4C99-9BEF-5D63FDA54984}.Release|Any CPU.ActiveCfg = Release|Any CPU
		{DEFCF938-CDE4-4C99-9BEF-5D63FDA54984}.Release|Any CPU.Build.0 = Release|Any CPU
		{DEFCF938-CDE4-4C99-9BEF-5D63FDA54984}.Release|arm64.ActiveCfg = Release|Any CPU
		{DEFCF938-CDE4-4C99-9BEF-5D63FDA54984}.Release|arm64.Build.0 = Release|Any CPU
		{DEFCF938-CDE4-4C99-9BEF-5D63FDA54984}.Release|x86.ActiveCfg = Release|Any CPU
		{DEFCF938-CDE4-4C99-9BEF-5D63FDA54984}.Release|x86.Build.0 = Release|Any CPU
		{F3AC7EBB-4656-40C8-A634-979440D56CD9}.Debug|Any CPU.ActiveCfg = Debug|Any CPU
		{F3AC7EBB-4656-40C8-A634-979440D56CD9}.Debug|Any CPU.Build.0 = Debug|Any CPU
		{F3AC7EBB-4656-40C8-A634-979440D56CD9}.Debug|arm64.ActiveCfg = Debug|Any CPU
		{F3AC7EBB-4656-40C8-A634-979440D56CD9}.Debug|arm64.Build.0 = Debug|Any CPU
		{F3AC7EBB-4656-40C8-A634-979440D56CD9}.Debug|x86.ActiveCfg = Debug|Any CPU
		{F3AC7EBB-4656-40C8-A634-979440D56CD9}.Debug|x86.Build.0 = Debug|Any CPU
		{F3AC7EBB-4656-40C8-A634-979440D56CD9}.Release|Any CPU.ActiveCfg = Release|Any CPU
		{F3AC7EBB-4656-40C8-A634-979440D56CD9}.Release|Any CPU.Build.0 = Release|Any CPU
		{F3AC7EBB-4656-40C8-A634-979440D56CD9}.Release|arm64.ActiveCfg = Release|Any CPU
		{F3AC7EBB-4656-40C8-A634-979440D56CD9}.Release|arm64.Build.0 = Release|Any CPU
		{F3AC7EBB-4656-40C8-A634-979440D56CD9}.Release|x86.ActiveCfg = Release|Any CPU
		{F3AC7EBB-4656-40C8-A634-979440D56CD9}.Release|x86.Build.0 = Release|Any CPU
		{3879B936-261A-402E-80DA-94B439A72B15}.Debug|Any CPU.ActiveCfg = Debug|Any CPU
		{3879B936-261A-402E-80DA-94B439A72B15}.Debug|Any CPU.Build.0 = Debug|Any CPU
		{3879B936-261A-402E-80DA-94B439A72B15}.Debug|arm64.ActiveCfg = Debug|Any CPU
		{3879B936-261A-402E-80DA-94B439A72B15}.Debug|arm64.Build.0 = Debug|Any CPU
		{3879B936-261A-402E-80DA-94B439A72B15}.Debug|x86.ActiveCfg = Debug|Any CPU
		{3879B936-261A-402E-80DA-94B439A72B15}.Debug|x86.Build.0 = Debug|Any CPU
		{3879B936-261A-402E-80DA-94B439A72B15}.Release|Any CPU.ActiveCfg = Release|Any CPU
		{3879B936-261A-402E-80DA-94B439A72B15}.Release|Any CPU.Build.0 = Release|Any CPU
		{3879B936-261A-402E-80DA-94B439A72B15}.Release|arm64.ActiveCfg = Release|Any CPU
		{3879B936-261A-402E-80DA-94B439A72B15}.Release|arm64.Build.0 = Release|Any CPU
		{3879B936-261A-402E-80DA-94B439A72B15}.Release|x86.ActiveCfg = Release|Any CPU
		{3879B936-261A-402E-80DA-94B439A72B15}.Release|x86.Build.0 = Release|Any CPU
		{D6AED6A7-B22E-4B29-A27F-046C19734826}.Debug|Any CPU.ActiveCfg = Debug|Any CPU
		{D6AED6A7-B22E-4B29-A27F-046C19734826}.Debug|Any CPU.Build.0 = Debug|Any CPU
		{D6AED6A7-B22E-4B29-A27F-046C19734826}.Debug|arm64.ActiveCfg = Debug|Any CPU
		{D6AED6A7-B22E-4B29-A27F-046C19734826}.Debug|arm64.Build.0 = Debug|Any CPU
		{D6AED6A7-B22E-4B29-A27F-046C19734826}.Debug|x86.ActiveCfg = Debug|Any CPU
		{D6AED6A7-B22E-4B29-A27F-046C19734826}.Debug|x86.Build.0 = Debug|Any CPU
		{D6AED6A7-B22E-4B29-A27F-046C19734826}.Release|Any CPU.ActiveCfg = Release|Any CPU
		{D6AED6A7-B22E-4B29-A27F-046C19734826}.Release|Any CPU.Build.0 = Release|Any CPU
		{D6AED6A7-B22E-4B29-A27F-046C19734826}.Release|arm64.ActiveCfg = Release|Any CPU
		{D6AED6A7-B22E-4B29-A27F-046C19734826}.Release|arm64.Build.0 = Release|Any CPU
		{D6AED6A7-B22E-4B29-A27F-046C19734826}.Release|x86.ActiveCfg = Release|Any CPU
		{D6AED6A7-B22E-4B29-A27F-046C19734826}.Release|x86.Build.0 = Release|Any CPU
		{41604032-D393-4905-A49F-CD7ED28A5482}.Debug|Any CPU.ActiveCfg = Debug|Any CPU
		{41604032-D393-4905-A49F-CD7ED28A5482}.Debug|Any CPU.Build.0 = Debug|Any CPU
		{41604032-D393-4905-A49F-CD7ED28A5482}.Debug|arm64.ActiveCfg = Debug|Any CPU
		{41604032-D393-4905-A49F-CD7ED28A5482}.Debug|arm64.Build.0 = Debug|Any CPU
		{41604032-D393-4905-A49F-CD7ED28A5482}.Debug|x86.ActiveCfg = Debug|Any CPU
		{41604032-D393-4905-A49F-CD7ED28A5482}.Debug|x86.Build.0 = Debug|Any CPU
		{41604032-D393-4905-A49F-CD7ED28A5482}.Release|Any CPU.ActiveCfg = Release|Any CPU
		{41604032-D393-4905-A49F-CD7ED28A5482}.Release|Any CPU.Build.0 = Release|Any CPU
		{41604032-D393-4905-A49F-CD7ED28A5482}.Release|arm64.ActiveCfg = Release|Any CPU
		{41604032-D393-4905-A49F-CD7ED28A5482}.Release|arm64.Build.0 = Release|Any CPU
		{41604032-D393-4905-A49F-CD7ED28A5482}.Release|x86.ActiveCfg = Release|Any CPU
		{41604032-D393-4905-A49F-CD7ED28A5482}.Release|x86.Build.0 = Release|Any CPU
		{06E911E4-C285-45B2-8755-F82D11BBD9BF}.Debug|Any CPU.ActiveCfg = Debug|Any CPU
		{06E911E4-C285-45B2-8755-F82D11BBD9BF}.Debug|Any CPU.Build.0 = Debug|Any CPU
		{06E911E4-C285-45B2-8755-F82D11BBD9BF}.Debug|arm64.ActiveCfg = Debug|Any CPU
		{06E911E4-C285-45B2-8755-F82D11BBD9BF}.Debug|arm64.Build.0 = Debug|Any CPU
		{06E911E4-C285-45B2-8755-F82D11BBD9BF}.Debug|x86.ActiveCfg = Debug|Any CPU
		{06E911E4-C285-45B2-8755-F82D11BBD9BF}.Debug|x86.Build.0 = Debug|Any CPU
		{06E911E4-C285-45B2-8755-F82D11BBD9BF}.Release|Any CPU.ActiveCfg = Release|Any CPU
		{06E911E4-C285-45B2-8755-F82D11BBD9BF}.Release|Any CPU.Build.0 = Release|Any CPU
		{06E911E4-C285-45B2-8755-F82D11BBD9BF}.Release|arm64.ActiveCfg = Release|Any CPU
		{06E911E4-C285-45B2-8755-F82D11BBD9BF}.Release|arm64.Build.0 = Release|Any CPU
		{06E911E4-C285-45B2-8755-F82D11BBD9BF}.Release|x86.ActiveCfg = Release|Any CPU
		{06E911E4-C285-45B2-8755-F82D11BBD9BF}.Release|x86.Build.0 = Release|Any CPU
		{1411A8A9-38C9-49E8-A164-92404A6FC8A2}.Debug|Any CPU.ActiveCfg = Debug|Any CPU
		{1411A8A9-38C9-49E8-A164-92404A6FC8A2}.Debug|Any CPU.Build.0 = Debug|Any CPU
		{1411A8A9-38C9-49E8-A164-92404A6FC8A2}.Debug|arm64.ActiveCfg = Debug|arm64
		{1411A8A9-38C9-49E8-A164-92404A6FC8A2}.Debug|arm64.Build.0 = Debug|arm64
		{1411A8A9-38C9-49E8-A164-92404A6FC8A2}.Debug|x86.ActiveCfg = Debug|x86
		{1411A8A9-38C9-49E8-A164-92404A6FC8A2}.Debug|x86.Build.0 = Debug|x86
		{1411A8A9-38C9-49E8-A164-92404A6FC8A2}.Release|Any CPU.ActiveCfg = Release|Any CPU
		{1411A8A9-38C9-49E8-A164-92404A6FC8A2}.Release|Any CPU.Build.0 = Release|Any CPU
		{1411A8A9-38C9-49E8-A164-92404A6FC8A2}.Release|arm64.ActiveCfg = Release|arm64
		{1411A8A9-38C9-49E8-A164-92404A6FC8A2}.Release|arm64.Build.0 = Release|arm64
		{1411A8A9-38C9-49E8-A164-92404A6FC8A2}.Release|x86.ActiveCfg = Release|x86
		{1411A8A9-38C9-49E8-A164-92404A6FC8A2}.Release|x86.Build.0 = Release|x86
	EndGlobalSection
	GlobalSection(SolutionProperties) = preSolution
		HideSolutionNode = FALSE
	EndGlobalSection
	GlobalSection(ExtensibilityGlobals) = postSolution
		SolutionGuid = {CBA67B4F-444F-4973-956B-1EBCC679F520}
	EndGlobalSection
EndGlobal
